
Microsoft Visual Studio Solution File, Format Version 12.00
# Visual Studio Version 16
VisualStudioVersion = 16.0.31515.178
MinimumVisualStudioVersion = 10.0.40219.1
Project("{FAE04EC0-301F-11D3-BF4B-00C04F79EFBC}") = "HandsOnArray", "HandsOnArray.csproj", "{EB25A40B-77B8-4259-8AEC-A6E1D47012C1}"
EndProject
Global
	GlobalSection(SolutionConfigurationPlatforms) = preSolution
		Debug|Any CPU = Debug|Any CPU
		Release|Any CPU = Release|Any CPU
	EndGlobalSection
	GlobalSection(ProjectConfigurationPlatforms) = postSolution
		{EB25A40B-77B8-4259-8AEC-A6E1D47012C1}.Debug|Any CPU.ActiveCfg = Debug|Any CPU
		{EB25A40B-77B8-4259-8AEC-A6E1D47012C1}.Debug|Any CPU.Build.0 = Debug|Any CPU
		{EB25A40B-77B8-4259-8AEC-A6E1D47012C1}.Release|Any CPU.ActiveCfg = Release|Any CPU
		{EB25A40B-77B8-4259-8AEC-A6E1D47012C1}.Release|Any CPU.Build.0 = Release|Any CPU
	EndGlobalSection
	GlobalSection(SolutionProperties) = preSolution
		HideSolutionNode = FALSE
	EndGlobalSection
	GlobalSection(ExtensibilityGlobals) = postSolution
		SolutionGuid = {D36DA0DC-D4A2-4721-AC0E-A3058C80AE20}
	EndGlobalSection
EndGlobal
